{
  "name": "chrome-ansi",
  "version": "1.0.0",
  "lockfileVersion": 1,
  "requires": true,
  "dependencies": {
    "ansi-to-html": {
      "version": "0.6.10",
      "resolved": "https://registry.npmjs.org/ansi-to-html/-/ansi-to-html-0.6.10.tgz",
      "integrity": "sha512-znsY3gvsk4CiApWu1yVYF8Nx5Vy0FEe8B0YwyxdbCdErJu5lfKlRHB2twtUjR+dxR4WewTk2OP8XqTmWYnImOg==",
      "requires": {
        "entities": "^1.1.1"
      }
    },
    "entities": {
      "version": "1.1.2",
      "resolved": "https://registry.npmjs.org/entities/-/entities-1.1.2.tgz",
      "integrity": "sha512-f2LZMYl1Fzu7YSBKg+RoROelpOaNrcGmE9AZubeDfrCEia483oW4MI4VyFd5VNHIgQ/7qm1I0wUHK1eJnn2y2w=="
    }
  }
}
